
Microsoft Visual Studio Solution File, Format Version 12.00
# Visual Studio Version 16
VisualStudioVersion = 16.0.30114.105
MinimumVisualStudioVersion = 10.0.40219.1
Project("{2150E333-8FDC-42A3-9474-1A3956D46DE8}") = "src", "src", "{972FA575-4766-4B7C-87A5-63EE266A9CAB}"
EndProject
Project("{FAE04EC0-301F-11D3-BF4B-00C04F79EFBC}") = "MinimalApiSwagger", "src\MinimalApiSwagger\MinimalApiSwagger.csproj", "{FA6AA8CA-BA05-416B-A592-2C7BE16F9A9B}"
EndProject
Global
	GlobalSection(SolutionConfigurationPlatforms) = preSolution
		Debug|Any CPU = Debug|Any CPU
		Release|Any CPU = Release|Any CPU
	EndGlobalSection
	GlobalSection(SolutionProperties) = preSolution
		HideSolutionNode = FALSE
	EndGlobalSection
	GlobalSection(ProjectConfigurationPlatforms) = postSolution
		{FA6AA8CA-BA05-416B-A592-2C7BE16F9A9B}.Debug|Any CPU.ActiveCfg = Debug|Any CPU
		{FA6AA8CA-BA05-416B-A592-2C7BE16F9A9B}.Debug|Any CPU.Build.0 = Debug|Any CPU
		{FA6AA8CA-BA05-416B-A592-2C7BE16F9A9B}.Release|Any CPU.ActiveCfg = Release|Any CPU
		{FA6AA8CA-BA05-416B-A592-2C7BE16F9A9B}.Release|Any CPU.Build.0 = Release|Any CPU
	EndGlobalSection
	GlobalSection(NestedProjects) = preSolution
		{FA6AA8CA-BA05-416B-A592-2C7BE16F9A9B} = {972FA575-4766-4B7C-87A5-63EE266A9CAB}
	EndGlobalSection
EndGlobal
